[{<<"base32">>,
  {git,"https://github.com/aetrion/base32_erlang.git",
       {ref,"40431a7480176b24863e18b92d9872e54c714df5"}},
  2},
 {<<"bear">>,
  {git,"git://github.com/boundary/bear.git",
       {ref,"119234548783af19b8ec75c879c5062676b92571"}},
  2},
 {<<"dns">>,
  {git,"git://github.com/aetrion/dns_erlang.git",
       {ref,"674603aec44a2f3fda1f42dd93d1c1368ac319ca"}},
  1},
 {<<"erldns">>,
  {git,"https://github.com/tsloughter/erl-dns.git",
       {ref,"b9ea52853523eb827a13a10f4c787fb1b7fe84d4"}},
  0},
 {<<"folsom">>,
  {git,"git://github.com/boundary/folsom.git",
       {ref,"8914823067c623d2839ecd6d17785ba94ad004c8"}},
  1},
 {<<"goldrush">>,
  {git,"git://github.com/DeadZen/goldrush.git",
       {ref,"212299233c7e7eb63a97be2777e1c05ebaa58dbe"}},
  1},
 {<<"jsx">>,
  {git,"https://github.com/talentdeficit/jsx.git",
       {ref,"3074d4865b3385a050badf7828ad31490d860df5"}},
  0},
 {<<"lager">>,
  {git,"https://github.com/basho/lager",
       {ref,"b2cb2735713e3021e0761623ff595d53a545438e"}},
  0},
 {<<"meck">>,
  {git,"git://github.com/eproxus/meck",
       {ref,"dde759050eff19a1a80fd854d7375174b191665d"}},
  2},
 {<<"poolboy">>,
  {git,"git://github.com/devinus/poolboy.git",
       {ref,"3bb3972617b3706b7fda6e264bf6bdaefbb833cd"}},
  1},
 {<<"recon">>,
  {git,"git://github.com/ferd/recon.git",
       {ref,"3578fa86ad408d98e0512ded0b2f2c5b834a84ad"}},
  1}].
