[{<<"edown">>,
  {git,"git://github.com/uwiger/edown.git",
       {ref,"d864427506cd93a00712b7c3b9a89d793e7e1600"}},
  3},
 {<<"eflame">>,
  {git,"https://github.com/slfritchie/eflame.git",
       {ref,"a08518142126f5fc541a3a3c4a04c27f24448bae"}},
  0},
 {<<"eper">>,
  {git,"https://github.com/massemanet/eper.git",
       {ref,"1742031e12fb9e6eac0ffacfc593d5a7849fc07f"}},
  0},
 {<<"goldrush">>,
  {git,"git://github.com/DeadZen/goldrush.git",
       {ref,"212299233c7e7eb63a97be2777e1c05ebaa58dbe"}},
  1},
 {<<"lager">>,
  {git,"git://github.com/basho/lager",
       {ref,"45fe95ba6cd964b7a667394c4e671a5afe8f5a42"}},
  0},
 {<<"lashup">>,
  {git,"git://github.com/dcos/lashup.git",
       {ref,"71b388b1bb3f00a1659846a52c6d4c3aaf9269e0"}},
  0},
 {<<"parse_trans">>,
  {git,"https://github.com/uwiger/parse_trans.git",
       {ref,"4fadce8a5242479b4ebc0d2b5825bdfe1de0af1c"}},
  2},
 {<<"riak_dt">>,
  {git,"https://github.com/sargun/riak_dt.git",
       {ref,"9b91b17d59e9b290175db8ddd60e47604785da1a"}},
  1}].
