{"1.1.0",
[{<<"amqp_client">>,{pkg,<<"amqp_client">>,<<"3.6.11">>},0},
 {<<"base32">>,
  {git,"https://github.com/aetrion/base32_erlang.git",
       {ref,"40431a7480176b24863e18b92d9872e54c714df5"}},
  1},
 {<<"bear">>,{pkg,<<"bear">>,<<"0.8.5">>},1},
 {<<"covertool">>,
  {git,"https://github.com/idubrov/covertool.git",
       {ref,"be45cabc5dc28480176172425793923b6cde428d"}},
  1},
 {<<"cowboy">>,{pkg,<<"cowboy">>,<<"1.1.2">>},0},
 {<<"cowlib">>,{pkg,<<"cowlib">>,<<"1.0.2">>},1},
 {<<"dns">>,
  {git,"https://github.com/aetrion/dns_erlang.git",
       {ref,"27c84be07561f8f3c00b9ffacd0b4f2d8003cd86"}},
  0},
 {<<"edown">>,
  {git,"https://github.com/uwiger/edown.git",
       {ref,"b7c8eb0ac1859f8fce11cbfe3526f5ec83194776"}},
  2},
 {<<"eflame">>,
  {git,"https://github.com/proger/eflame.git",
       {ref,"ee3a44b950aeb2434460045274809ad506141a83"}},
  0},
 {<<"enacl">>,
  {git,"https://github.com/jlouis/enacl.git",
       {ref,"5a48c66b07192665f81b7baf8513bc7e73fadd45"}},
  0},
 {<<"eper">>,{pkg,<<"eper">>,<<"0.94.0">>},0},
 {<<"erldns">>,
  {git,"https://github.com/dcos/erl-dns.git",
       {ref,"9eabdb574b46a6f8afa0e51e9d984dd4774fd80b"}},
  0},
 {<<"erlzk">>,{pkg,<<"erlzk">>,<<"0.6.3">>},0},
 {<<"exometer_core">>,
  {git,"https://github.com/Feuerlabs/exometer_core.git",
       {ref,"c4afd6d095c8eef7c5447133a033b9165f53da02"}},
  0},
 {<<"folsom">>,{pkg,<<"folsom">>,<<"0.8.5">>},0},
 {<<"gen_netlink">>,
  {git,"https://github.com/mesosphere/gen_netlink.git",
       {ref,"2b4b657ea03bc839dafb77948fb7908dccf0f91b"}},
  0},
 {<<"goldrush">>,{pkg,<<"goldrush">>,<<"0.1.9">>},1},
 {<<"gpb">>,{pkg,<<"gpb">>,<<"3.27.4">>},1},
 {<<"hut">>,
  {git,"https://github.com/tolbrino/hut.git",
       {ref,"025540398478ab6f95932c3234382ac5bb21ad3e"}},
  1},
 {<<"inotify">>,
  {git,"https://github.com/goeldeepak/inotify.git",
       {ref,"d23d9d2bbcfe275ab0ece751db8c8658cfcba34a"}},
  0},
 {<<"ip_vs_conn">>,
  {git,"https://github.com/mesosphere/ip_vs_conn.git",
       {ref,"72eedf7606b3c2a5830af716c3c02b7d7e17e91c"}},
  0},
 {<<"iso8601">>,
  {git,"https://github.com/erlsci/iso8601.git",
       {ref,"d4bc1f4ccddad0dd509e25fe8a50e4db514d8d65"}},
  1},
 {<<"jiffy">>,{pkg,<<"jiffy">>,<<"0.14.11">>},1},
 {<<"jsx">>,{pkg,<<"jsx">>,<<"2.8.2">>},0},
 {<<"lager">>,{pkg,<<"lager">>,<<"3.5.1">>},0},
 {<<"lashup">>,
  {git,"https://github.com/dcos/lashup.git",
       {ref,"eec6350ea628d9a57bf4e3c427556dc138c5196b"}},
  0},
 {<<"meck">>,
  {git,"https://github.com/eproxus/meck.git",
       {ref,"17b0ea5b7d9c93af3a52b5152c6bee14302b3885"}},
  1},
 {<<"mesos_state">>,
  {git,"https://github.com/dcos/mesos_state.git",
       {ref,"8e552bfb9f521f3ebb4fd7a2085d2d03ff7829b5"}},
  0},
 {<<"parse_trans">>,
  {git,"https://github.com/uwiger/parse_trans.git",
       {ref,"a210adafdfbb904d156d8f22abd5fb58fc17de1e"}},
  1},
 {<<"parse_xfrm_utils">>,
  {git,"https://github.com/sargun/parse_xfrm_utils.git",
       {ref,"409f727d81683dd397aafc3afd583d403e271baf"}},
  1},
 {<<"poolboy">>,
  {git,"https://github.com/devinus/poolboy.git",
       {ref,"d378f996182daa6251ad5438cee4d3f6eb7ea50f"}},
  1},
 {<<"procket">>,
  {git,"https://github.com/msantos/procket.git",
       {ref,"59e01bba929c9e1712af5f5a20eb1d5faf066a02"}},
  1},
 {<<"proper">>,
  {git,"https://github.com/manopapad/proper.git",
       {ref,"988ea0ed9f480ed2938be28321a0c7a943c03b30"}},
  1},
 {<<"rabbit_common">>,{pkg,<<"rabbit_common">>,<<"3.6.11">>},1},
 {<<"ranch">>,{pkg,<<"ranch">>,<<"1.3.2">>},1},
 {<<"recon">>,{pkg,<<"recon">>,<<"2.3.2">>},0},
 {<<"riak_dt">>,
  {git,"https://github.com/dcos/riak_dt.git",
       {ref,"bf7a6ec27f4ec2bc0fbc03cf4a2bb4f4dd79677e"}},
  0},
 {<<"setup">>,
  {git,"https://github.com/uwiger/setup.git",
       {ref,"e4a089f743505f1166e026c51989f041da7b2f6d"}},
  1},
 {<<"sidejob">>,{pkg,<<"sidejob">>,<<"2.1.0">>},0},
 {<<"sync">>,
  {git,"https://github.com/rustyio/sync.git",
       {ref,"11df81d196eaab2d84caa3fbe8def5d476ef79d8"}},
  1},
 {<<"tcp_metrics">>,
  {git,"https://github.com/mesosphere/tcp_metrics.git",
       {ref,"52420d4e09479715cfdf33670d1b8dbbbdedbea5"}},
  0},
 {<<"telemetry">>,
  {git,"https://github.com/dcos/telemetry-net.git",
       {ref,"8826af4681d3cd7d4509123fe3d5aa2f2a66cdfc"}},
  0}]}.
[
{pkg_hash,[
 {<<"amqp_client">>, <<"4D3D5D4D4D79F0D3B1EA98C7040446385A3C60C8125A233C675E772279088627">>},
 {<<"bear">>, <<"E95FCA1627CD9E15BAF93CE0A52AFF16917BAF325F0EE65B88CD715376CD2344">>},
 {<<"cowboy">>, <<"61AC29EA970389A88ECA5A65601460162D370A70018AFE6F949A29DCA91F3BB0">>},
 {<<"cowlib">>, <<"9D769A1D062C9C3AC753096F868CA121E2730B9A377DE23DEC0F7E08B1DF84EE">>},
 {<<"eper">>, <<"F5FB2DAA0DF8878748E1C598428EDA942A173E5121FF35C1D632129B84593A3A">>},
 {<<"erlzk">>, <<"54EDFF8F343E638DA34BC176502646798DA1618DDF1EB062A7FE73EDC94E4E9E">>},
 {<<"folsom">>, <<"94A027B56FE84FEED264F9B33CB4C6AC9A801FAD84B87DBDA0836CE83C3B8D69">>},
 {<<"goldrush">>, <<"F06E5D5F1277DA5C413E84D5A2924174182FB108DABB39D5EC548B27424CD106">>},
 {<<"gpb">>, <<"0BE08756A64A4A9F4E74E6E50ACE568CAD2577F52A9EB9D5985AA7A7E5D73BCB">>},
 {<<"jiffy">>, <<"919A87D491C5A6B5E3BBC27FAFEDC3A0761CA0B4C405394F121F582FD4E3F0E5">>},
 {<<"jsx">>, <<"7ACC7D785B5ABE8A6E9ADBDE926A24E481F29956DD8B4DF49E3E4E7BCC92A018">>},
 {<<"lager">>, <<"63897A61AF646C59BB928FEE9756CE8BDD02D5A1A2F3551D4A5E38386C2CC071">>},
 {<<"rabbit_common">>, <<"B3B369D985A46E8689F961403B3157D35F83D259A746BE32FB6FEEF7CAD27F28">>},
 {<<"ranch">>, <<"E4965A144DC9FBE70E5C077C65E73C57165416A901BD02EA899CFD95AA890986">>},
 {<<"recon">>, <<"4444C879BE323B1B133EEC5241CB84BD3821EA194C740D75617E106BE4744318">>},
 {<<"sidejob">>, <<"5D6A7C9C620778CB1908E46B552D767DF2ED4D77070BB7B5B8773D4FF18D1D37">>}]}
].
