[{<<"base32">>,
  {git,"https://github.com/aetrion/base32_erlang.git",
       {ref,"40431a7480176b24863e18b92d9872e54c714df5"}},
  1},
 {<<"cowboy">>,
  {git,"git://github.com/ninenines/cowboy.git",
       {ref,"dbb636034f20736e16eb9d6c809217c9525b6cbd"}},
  0},
 {<<"cowlib">>,
  {git,"https://github.com/ninenines/cowlib",
       {ref,"41949ddaf1889cebf51b00fc1c78961ffa2c1c52"}},
  1},
 {<<"dns">>,
  {git,"git://github.com/aetrion/dns_erlang.git",
       {ref,"833cbd20dbd6790f3563942c340898e676d44239"}},
  0},
 {<<"eflame">>,
  {git,"https://github.com/slfritchie/eflame.git",
       {ref,"a08518142126f5fc541a3a3c4a04c27f24448bae"}},
  0},
 {<<"enacl">>,
  {git,"git://github.com/jlouis/enacl",
       {ref,"9830068304e4472e22787ae8fbe4557dc5215403"}},
  0},
 {<<"eper">>,
  {git,"https://github.com/massemanet/eper.git",
       {ref,"1742031e12fb9e6eac0ffacfc593d5a7849fc07f"}},
  0},
 {<<"erlzk">>,
  {git,"git://github.com/huaban/erlzk.git",
       {ref,"aa7190ee2343ac1341cea3edc9b9eea36c591708"}},
  0},
 {<<"goldrush">>,
  {git,"git://github.com/DeadZen/goldrush.git",
       {ref,"212299233c7e7eb63a97be2777e1c05ebaa58dbe"}},
  1},
 {<<"gpb">>,
  {git,"https://github.com/tomas-abrahamsson/gpb",
       {ref,"775da821b1842d0c76533d25867c1be4b94c2bbb"}},
  0},
 {<<"jsx">>,
  {git,"git://github.com/talentdeficit/jsx.git",
       {ref,"3074d4865b3385a050badf7828ad31490d860df5"}},
  0},
 {<<"lager">>,
  {git,"git://github.com/basho/lager",
       {ref,"45fe95ba6cd964b7a667394c4e671a5afe8f5a42"}},
  0},
 {<<"lashup">>,
  {git,"git://github.com/dcos/lashup.git",
       {ref,"7d7b6ef75d73fb0a51e8017fcdc89a2b9864d522"}},
  0},
 {<<"mesos_state">>,
  {git,"git://github.com/dcos/mesos_state",
       {ref,"b7c9aa4895164be91601ba10801d33f73e72ae56"}},
  0},
 {<<"ranch">>,
  {git,"https://github.com/ninenines/ranch",
       {ref,"741bfb73ca663394ecf7a73410506d66f01985a6"}},
  1},
 {<<"riak_dt">>,
  {git,"https://github.com/sargun/riak_dt.git",
       {ref,"27b261f6c1f5c519bbcf0bd3f469c4dfe4e0e604"}},
  1}].
